// !$*UTF8*$!
{
	archiveVersion = 1;
	classes = {
	};
	objectVersion = 56;
	objects = {

/* Begin PBXBuildFile section */
		4F1A249029840505006604D4 /* DataModel.swift in Sources */ = {isa = PBXBuildFile; fileRef = 4F1A248F29840505006604D4 /* DataModel.swift */; };
		4F1A249229843CB2006604D4 /* PlayerModel.swift in Sources */ = {isa = PBXBuildFile; fileRef = 4F1A249129843CB2006604D4 /* PlayerModel.swift */; };
		4F527154298953F000CF72CB /* Rstype.mp4 in Resources */ = {isa = PBXBuildFile; fileRef = 4F527153298953F000CF72CB /* Rstype.mp4 */; };
		4F5271562989683A00CF72CB /* logo3.png in Resources */ = {isa = PBXBuildFile; fileRef = 4F5271552989683A00CF72CB /* logo3.png */; };
		4F527158298A9D7F00CF72CB /* VideoPlayerModel.swift in Sources */ = {isa = PBXBuildFile; fileRef = 4F527157298A9D7F00CF72CB /* VideoPlayerModel.swift */; };
		4F92B53F2982A6EE00E40D31 /* stYpeApp.swift in Sources */ = {isa = PBXBuildFile; fileRef = 4F92B53E2982A6EE00E40D31 /* stYpeApp.swift */; };
		4F92B5412982A6EE00E40D31 /* ContentView.swift in Sources */ = {isa = PBXBuildFile; fileRef = 4F92B5402982A6EE00E40D31 /* ContentView.swift */; };
		4F92B5432982A6F000E40D31 /* Assets.xcassets in Resources */ = {isa = PBXBuildFile; fileRef = 4F92B5422982A6F000E40D31 /* Assets.xcassets */; };
		4F92B5462982A6F000E40D31 /* Preview Assets.xcassets in Resources */ = {isa = PBXBuildFile; fileRef = 4F92B5452982A6F000E40D31 /* Preview Assets.xcassets */; };
		4F92B54E2982B36000E40D31 /* stype.mp4 in Resources */ = {isa = PBXBuildFile; fileRef = 4F92B54D2982B36000E40D31 /* stype.mp4 */; };
		4FAB5A7A298AC01400CDD748 /* DescriptionView.swift in Sources */ = {isa = PBXBuildFile; fileRef = 4FAB5A79298AC01400CDD748 /* DescriptionView.swift */; };
/* End PBXBuildFile section */

/* Begin PBXFileReference section */
		4F1A248F29840505006604D4 /* DataModel.swift */ = {isa = PBXFileReference; lastKnownFileType = sourcecode.swift; path = DataModel.swift; sourceTree = "<group>"; };
		4F1A249129843CB2006604D4 /* PlayerModel.swift */ = {isa = PBXFileReference; lastKnownFileType = sourcecode.swift; path = PlayerModel.swift; sourceTree = "<group>"; };
		4F527153298953F000CF72CB /* Rstype.mp4 */ = {isa = PBXFileReference; lastKnownFileType = file; name = Rstype.mp4; path = ../Rstype.mp4; sourceTree = "<group>"; };
		4F5271552989683A00CF72CB /* logo3.png */ = {isa = PBXFileReference; lastKnownFileType = image.png; path = logo3.png; sourceTree = "<group>"; };
		4F527157298A9D7F00CF72CB /* VideoPlayerModel.swift */ = {isa = PBXFileReference; lastKnownFileType = sourcecode.swift; path = VideoPlayerModel.swift; sourceTree = "<group>"; };
		4F92B53B2982A6EE00E40D31 /* stYpe.app */ = {isa = PBXFileReference; explicitFileType = wrapper.application; includeInIndex = 0; path = stYpe.app; sourceTree = BUILT_PRODUCTS_DIR; };
		4F92B53E2982A6EE00E40D31 /* stYpeApp.swift */ = {isa = PBXFileReference; lastKnownFileType = sourcecode.swift; path = stYpeApp.swift; sourceTree = "<group>"; };
		4F92B5402982A6EE00E40D31 /* ContentView.swift */ = {isa = PBXFileReference; lastKnownFileType = sourcecode.swift; path = ContentView.swift; sourceTree = "<group>"; };
		4F92B5422982A6F000E40D31 /* Assets.xcassets */ = {isa = PBXFileReference; lastKnownFileType = folder.assetcatalog; path = Assets.xcassets; sourceTree = "<group>"; };
		4F92B5452982A6F000E40D31 /* Preview Assets.xcassets */ = {isa = PBXFileReference; lastKnownFileType = folder.assetcatalog; path = "Preview Assets.xcassets"; sourceTree = "<group>"; };
		4F92B54D2982B36000E40D31 /* stype.mp4 */ = {isa = PBXFileReference; lastKnownFileType = file; path = stype.mp4; sourceTree = "<group>"; };
		4FAB5A79298AC01400CDD748 /* DescriptionView.swift */ = {isa = PBXFileReference; lastKnownFileType = sourcecode.swift; path = DescriptionView.swift; sourceTree = "<group>"; };
/* End PBXFileReference section */

/* Begin PBXFrameworksBuildPhase section */
		4F92B5382982A6EE00E40D31 /* Frameworks */ = {
			isa = PBXFrameworksBuildPhase;
			buildActionMask = 2147483647;
			files = (
			);
			runOnlyForDeploymentPostprocessing = 0;
		};
/* End PBXFrameworksBuildPhase section */

/* Begin PBXGroup section */
		4F92B5322982A6EE00E40D31 = {
			isa = PBXGroup;
			children = (
				4F1A249129843CB2006604D4 /* PlayerModel.swift */,
				4F92B53D2982A6EE00E40D31 /* stYpe */,
				4F92B53C2982A6EE00E40D31 /* Products */,
			);
			sourceTree = "<group>";
		};
		4F92B53C2982A6EE00E40D31 /* Products */ = {
			isa = PBXGroup;
			children = (
				4F92B53B2982A6EE00E40D31 /* stYpe.app */,
			);
			name = Products;
			sourceTree = "<group>";
		};
		4F92B53D2982A6EE00E40D31 /* stYpe */ = {
			isa = PBXGroup;
			children = (
				4F92B53E2982A6EE00E40D31 /* stYpeApp.swift */,
				4F92B5402982A6EE00E40D31 /* ContentView.swift */,
				4FAB5A79298AC01400CDD748 /* DescriptionView.swift */,
				4F1A248F29840505006604D4 /* DataModel.swift */,
				4F527157298A9D7F00CF72CB /* VideoPlayerModel.swift */,
				4F92B5422982A6F000E40D31 /* Assets.xcassets */,
				4F5271552989683A00CF72CB /* logo3.png */,
				4F527153298953F000CF72CB /* Rstype.mp4 */,
				4F92B54D2982B36000E40D31 /* stype.mp4 */,
				4F92B5442982A6F000E40D31 /* Preview Content */,
			);
			path = stYpe;
			sourceTree = "<group>";
		};
		4F92B5442982A6F000E40D31 /* Preview Content */ = {
			isa = PBXGroup;
			children = (
				4F92B5452982A6F000E40D31 /* Preview Assets.xcassets */,
			);
			path = "Preview Content";
			sourceTree = "<group>";
		};
/* End PBXGroup section */

/* Begin PBXNativeTarget section */
		4F92B53A2982A6EE00E40D31 /* stYpe */ = {
			isa = PBXNativeTarget;
			buildConfigurationList = 4F92B5492982A6F000E40D31 /* Build configuration list for PBXNativeTarget "stYpe" */;
			buildPhases = (
				4F92B5372982A6EE00E40D31 /* Sources */,
				4F92B5382982A6EE00E40D31 /* Frameworks */,
				4F92B5392982A6EE00E40D31 /* Resources */,
			);
			buildRules = (
			);
			dependencies = (
			);
			name = stYpe;
			productName = stYpe;
			productReference = 4F92B53B2982A6EE00E40D31 /* stYpe.app */;
			productType = "com.apple.product-type.application";
		};
/* End PBXNativeTarget section */

/* Begin PBXProject section */
		4F92B5332982A6EE00E40D31 /* Project object */ = {
			isa = PBXProject;
			attributes = {
				BuildIndependentTargetsInParallel = 1;
				LastSwiftUpdateCheck = 1410;
				LastUpgradeCheck = 1410;
				TargetAttributes = {
					4F92B53A2982A6EE00E40D31 = {
						CreatedOnToolsVersion = 14.1;
					};
				};
			};
			buildConfigurationList = 4F92B5362982A6EE00E40D31 /* Build configuration list for PBXProject "stYpe" */;
			compatibilityVersion = "Xcode 14.0";
			developmentRegion = en;
			hasScannedForEncodings = 0;
			knownRegions = (
				en,
				Base,
			);
			mainGroup = 4F92B5322982A6EE00E40D31;
			productRefGroup = 4F92B53C2982A6EE00E40D31 /* Products */;
			projectDirPath = "";
			projectRoot = "";
			targets = (
				4F92B53A2982A6EE00E40D31 /* stYpe */,
			);
		};
/* End PBXProject section */

/* Begin PBXResourcesBuildPhase section */
		4F92B5392982A6EE00E40D31 /* Resources */ = {
			isa = PBXResourcesBuildPhase;
			buildActionMask = 2147483647;
			files = (
				4F527154298953F000CF72CB /* Rstype.mp4 in Resources */,
				4F92B5462982A6F000E40D31 /* Preview Assets.xcassets in Resources */,
				4F92B54E2982B36000E40D31 /* stype.mp4 in Resources */,
				4F92B5432982A6F000E40D31 /* Assets.xcassets in Resources */,
				4F5271562989683A00CF72CB /* logo3.png in Resources */,
			);
			runOnlyForDeploymentPostprocessing = 0;
		};
/* End PBXResourcesBuildPhase section */

/* Begin PBXSourcesBuildPhase section */
		4F92B5372982A6EE00E40D31 /* Sources */ = {
			isa = PBXSourcesBuildPhase;
			buildActionMask = 2147483647;
			files = (
				4F92B5412982A6EE00E40D31 /* ContentView.swift in Sources */,
				4F92B53F2982A6EE00E40D31 /* stYpeApp.swift in Sources */,
				4F527158298A9D7F00CF72CB /* VideoPlayerModel.swift in Sources */,
				4FAB5A7A298AC01400CDD748 /* DescriptionView.swift in Sources */,
				4F1A249229843CB2006604D4 /* PlayerModel.swift in Sources */,
				4F1A249029840505006604D4 /* DataModel.swift in Sources */,
			);
			runOnlyForDeploymentPostprocessing = 0;
		};
/* End PBXSourcesBuildPhase section */

/* Begin XCBuildConfiguration section */
		4F92B5472982A6F000E40D31 /* Debug */ = {
			isa = XCBuildConfiguration;
			buildSettings = {
				ALWAYS_SEARCH_USER_PATHS = NO;
				CLANG_ANALYZER_NONNULL = YES;
				CLANG_ANALYZER_NUMBER_OBJECT_CONVERSION = YES_AGGRESSIVE;
				CLANG_CXX_LANGUAGE_STANDARD = "gnu++20";
				CLANG_ENABLE_MODULES = YES;
				CLANG_ENABLE_OBJC_ARC = YES;
				CLANG_ENABLE_OBJC_WEAK = YES;
				CLANG_WARN_BLOCK_CAPTURE_AUTORELEASING = YES;
				CLANG_WARN_BOOL_CONVERSION = YES;
				CLANG_WARN_COMMA = YES;
				CLANG_WARN_CONSTANT_CONVERSION = YES;
				CLANG_WARN_DEPRECATED_OBJC_IMPLEMENTATIONS = YES;
				CLANG_WARN_DIRECT_OBJC_ISA_USAGE = YES_ERROR;
				CLANG_WARN_DOCUMENTATION_COMMENTS = YES;
				CLANG_WARN_EMPTY_BODY = YES;
				CLANG_WARN_ENUM_CONVERSION = YES;
				CLANG_WARN_INFINITE_RECURSION = YES;
				CLANG_WARN_INT_CONVERSION = YES;
				CLANG_WARN_NON_LITERAL_NULL_CONVERSION = YES;
				CLANG_WARN_OBJC_IMPLICIT_RETAIN_SELF = YES;
				CLANG_WARN_OBJC_LITERAL_CONVERSION = YES;
				CLANG_WARN_OBJC_ROOT_CLASS = YES_ERROR;
				CLANG_WARN_QUOTED_INCLUDE_IN_FRAMEWORK_HEADER = YES;
				CLANG_WARN_RANGE_LOOP_ANALYSIS = YES;
				CLANG_WARN_STRICT_PROTOTYPES = YES;
				CLANG_WARN_SUSPICIOUS_MOVE = YES;
				CLANG_WARN_UNGUARDED_AVAILABILITY = YES_AGGRESSIVE;
				CLANG_WARN_UNREACHABLE_CODE = YES;
				CLANG_WARN__DUPLICATE_METHOD_MATCH = YES;
				COPY_PHASE_STRIP = NO;
				DEBUG_INFORMATION_FORMAT = dwarf;
				ENABLE_STRICT_OBJC_MSGSEND = YES;
				ENABLE_TESTABILITY = YES;
				GCC_C_LANGUAGE_STANDARD = gnu11;
				GCC_DYNAMIC_NO_PIC = NO;
				GCC_NO_COMMON_BLOCKS = YES;
				GCC_OPTIMIZATION_LEVEL = 0;
				GCC_PREPROCESSOR_DEFINITIONS = (
					"DEBUG=1",
					"$(inherited)",
				);
				GCC_WARN_64_TO_32_BIT_CONVERSION = YES;
				GCC_WARN_ABOUT_RETURN_TYPE = YES_ERROR;
				GCC_WARN_UNDECLARED_SELECTOR = YES;
				GCC_WARN_UNINITIALIZED_AUTOS = YES_AGGRESSIVE;
				GCC_WARN_UNUSED_FUNCTION = YES;
				GCC_WARN_UNUSED_VARIABLE = YES;
				IPHONEOS_DEPLOYMENT_TARGET = 16.1;
				MTL_ENABLE_DEBUG_INFO = INCLUDE_SOURCE;
				MTL_FAST_MATH = YES;
				ONLY_ACTIVE_ARCH = YES;
				SDKROOT = iphoneos;
				SWIFT_ACTIVE_COMPILATION_CONDITIONS = DEBUG;
				SWIFT_OPTIMIZATION_LEVEL = "-Onone";
			};
			name = Debug;
		};
		4F92B5482982A6F000E40D31 /* Release */ = {
			isa = XCBuildConfiguration;
			buildSettings = {
				ALWAYS_SEARCH_USER_PATHS = NO;
				CLANG_ANALYZER_NONNULL = YES;
				CLANG_ANALYZER_NUMBER_OBJECT_CONVERSION = YES_AGGRESSIVE;
				CLANG_CXX_LANGUAGE_STANDARD = "gnu++20";
				CLANG_ENABLE_MODULES = YES;
				CLANG_ENABLE_OBJC_ARC = YES;
				CLANG_ENABLE_OBJC_WEAK = YES;
				CLANG_WARN_BLOCK_CAPTURE_AUTORELEASING = YES;
				CLANG_WARN_BOOL_CONVERSION = YES;
				CLANG_WARN_COMMA = YES;
				CLANG_WARN_CONSTANT_CONVERSION = YES;
				CLANG_WARN_DEPRECATED_OBJC_IMPLEMENTATIONS = YES;
				CLANG_WARN_DIRECT_OBJC_ISA_USAGE = YES_ERROR;
				CLANG_WARN_DOCUMENTATION_COMMENTS = YES;
				CLANG_WARN_EMPTY_BODY = YES;
				CLANG_WARN_ENUM_CONVERSION = YES;
				CLANG_WARN_INFINITE_RECURSION = YES;
				CLANG_WARN_INT_CONVERSION = YES;
				CLANG_WARN_NON_LITERAL_NULL_CONVERSION = YES;
				CLANG_WARN_OBJC_IMPLICIT_RETAIN_SELF = YES;
				CLANG_WARN_OBJC_LITERAL_CONVERSION = YES;
				CLANG_WARN_OBJC_ROOT_CLASS = YES_ERROR;
				CLANG_WARN_QUOTED_INCLUDE_IN_FRAMEWORK_HEADER = YES;
				CLANG_WARN_RANGE_LOOP_ANALYSIS = YES;
				CLANG_WARN_STRICT_PROTOTYPES = YES;
				CLANG_WARN_SUSPICIOUS_MOVE = YES;
				CLANG_WARN_UNGUARDED_AVAILABILITY = YES_AGGRESSIVE;
				CLANG_WARN_UNREACHABLE_CODE = YES;
				CLANG_WARN__DUPLICATE_METHOD_MATCH = YES;
				COPY_PHASE_STRIP = NO;
				DEBUG_INFORMATION_FORMAT = "dwarf-with-dsym";
				ENABLE_NS_ASSERTIONS = NO;
				ENABLE_STRICT_OBJC_MSGSEND = YES;
				GCC_C_LANGUAGE_STANDARD = gnu11;
				GCC_NO_COMMON_BLOCKS = YES;
				GCC_WARN_64_TO_32_BIT_CONVERSION = YES;
				GCC_WARN_ABOUT_RETURN_TYPE = YES_ERROR;
				GCC_WARN_UNDECLARED_SELECTOR = YES;
				GCC_WARN_UNINITIALIZED_AUTOS = YES_AGGRESSIVE;
				GCC_WARN_UNUSED_FUNCTION = YES;
				GCC_WARN_UNUSED_VARIABLE = YES;
				IPHONEOS_DEPLOYMENT_TARGET = 16.1;
				MTL_ENABLE_DEBUG_INFO = NO;
				MTL_FAST_MATH = YES;
				SDKROOT = iphoneos;
				SWIFT_COMPILATION_MODE = wholemodule;
				SWIFT_OPTIMIZATION_LEVEL = "-O";
				VALIDATE_PRODUCT = YES;
			};
			name = Release;
		};
		4F92B54A2982A6F000E40D31 /* Debug */ = {
			isa = XCBuildConfiguration;
			buildSettings = {
				ASSETCATALOG_COMPILER_APPICON_NAME = AppIcon;
				ASSETCATALOG_COMPILER_GLOBAL_ACCENT_COLOR_NAME = AccentColor;
				CODE_SIGN_STYLE = Automatic;
				CURRENT_PROJECT_VERSION = 1;
				DEVELOPMENT_ASSET_PATHS = "\"stYpe/Preview Content\"";
				DEVELOPMENT_TEAM = T2J52A8ZK4;
				ENABLE_PREVIEWS = YES;
				GENERATE_INFOPLIST_FILE = YES;
				INFOPLIST_KEY_UIApplicationSceneManifest_Generation = YES;
				INFOPLIST_KEY_UIApplicationSupportsIndirectInputEvents = YES;
				INFOPLIST_KEY_UILaunchScreen_Generation = YES;
				INFOPLIST_KEY_UISupportedInterfaceOrientations_iPad = "UIInterfaceOrientationPortrait UIInterfaceOrientationPortraitUpsideDown UIInterfaceOrientationLandscapeLeft UIInterfaceOrientationLandscapeRight";
				INFOPLIST_KEY_UISupportedInterfaceOrientations_iPhone = "UIInterfaceOrientationPortrait UIInterfaceOrientationLandscapeLeft UIInterfaceOrientationLandscapeRight";
				LD_RUNPATH_SEARCH_PATHS = (
					"$(inherited)",
					"@executable_path/Frameworks",
				);
				MARKETING_VERSION = 1.0;
				PRODUCT_BUNDLE_IDENTIFIER = home.stYpe;
				PRODUCT_NAME = "$(TARGET_NAME)";
				SWIFT_EMIT_LOC_STRINGS = YES;
				SWIFT_VERSION = 5.0;
				TARGETED_DEVICE_FAMILY = "1,2";
			};
			name = Debug;
		};
		4F92B54B2982A6F000E40D31 /* Release */ = {
			isa = XCBuildConfiguration;
			buildSettings = {
				ASSETCATALOG_COMPILER_APPICON_NAME = AppIcon;
				ASSETCATALOG_COMPILER_GLOBAL_ACCENT_COLOR_NAME = AccentColor;
				CODE_SIGN_STYLE = Automatic;
				CURRENT_PROJECT_VERSION = 1;
				DEVELOPMENT_ASSET_PATHS = "\"stYpe/Preview Content\"";
				DEVELOPMENT_TEAM = T2J52A8ZK4;
				ENABLE_PREVIEWS = YES;
				GENERATE_INFOPLIST_FILE = YES;
				INFOPLIST_KEY_UIApplicationSceneManifest_Generation = YES;
				INFOPLIST_KEY_UIApplicationSupportsIndirectInputEvents = YES;
				INFOPLIST_KEY_UILaunchScreen_Generation = YES;
				INFOPLIST_KEY_UISupportedInterfaceOrientations_iPad = "UIInterfaceOrientationPortrait UIInterfaceOrientationPortraitUpsideDown UIInterfaceOrientationLandscapeLeft UIInterfaceOrientationLandscapeRight";
				INFOPLIST_KEY_UISupportedInterfaceOrientations_iPhone = "UIInterfaceOrientationPortrait UIInterfaceOrientationLandscapeLeft UIInterfaceOrientationLandscapeRight";
				LD_RUNPATH_SEARCH_PATHS = (
					"$(inherited)",
					"@executable_path/Frameworks",
				);
				MARKETING_VERSION = 1.0;
				PRODUCT_BUNDLE_IDENTIFIER = home.stYpe;
				PRODUCT_NAME = "$(TARGET_NAME)";
				SWIFT_EMIT_LOC_STRINGS = YES;
				SWIFT_VERSION = 5.0;
				TARGETED_DEVICE_FAMILY = "1,2";
			};
			name = Release;
		};
/* End XCBuildConfiguration section */

/* Begin XCConfigurationList section */
		4F92B5362982A6EE00E40D31 /* Build configuration list for PBXProject "stYpe" */ = {
			isa = XCConfigurationList;
			buildConfigurations = (
				4F92B5472982A6F000E40D31 /* Debug */,
				4F92B5482982A6F000E40D31 /* Release */,
			);
			defaultConfigurationIsVisible = 0;
			defaultConfigurationName = Release;
		};
		4F92B5492982A6F000E40D31 /* Build configuration list for PBXNativeTarget "stYpe" */ = {
			isa = XCConfigurationList;
			buildConfigurations = (
				4F92B54A2982A6F000E40D31 /* Debug */,
				4F92B54B2982A6F000E40D31 /* Release */,
			);
			defaultConfigurationIsVisible = 0;
			defaultConfigurationName = Release;
		};
/* End XCConfigurationList section */
	};
	rootObject = 4F92B5332982A6EE00E40D31 /* Project object */;
}
